
Microsoft Visual Studio Solution File, Format Version 12.00
# Visual Studio Version 16
VisualStudioVersion = 16.0.30413.136
MinimumVisualStudioVersion = 10.0.40219.1
Project("{FAE04EC0-301F-11D3-BF4B-00C04F79EFBC}") = "probe", "probe\probe.csproj", "{C628BB7D-B8FE-49DC-B025-DF24B0ECBDF5}"
EndProject
Global
	GlobalSection(SolutionConfigurationPlatforms) = preSolution
		Debug|Any CPU = Debug|Any CPU
		Release|Any CPU = Release|Any CPU
	EndGlobalSection
	GlobalSection(ProjectConfigurationPlatforms) = postSolution
		{C628BB7D-B8FE-49DC-B025-DF24B0ECBDF5}.Debug|Any CPU.ActiveCfg = Debug|Any CPU
		{C628BB7D-B8FE-49DC-B025-DF24B0ECBDF5}.Debug|Any CPU.Build.0 = Debug|Any CPU
		{C628BB7D-B8FE-49DC-B025-DF24B0ECBDF5}.Release|Any CPU.ActiveCfg = Release|Any CPU
		{C628BB7D-B8FE-49DC-B025-DF24B0ECBDF5}.Release|Any CPU.Build.0 = Release|Any CPU
	EndGlobalSection
	GlobalSection(SolutionProperties) = preSolution
		HideSolutionNode = FALSE
	EndGlobalSection
	GlobalSection(ExtensibilityGlobals) = postSolution
		SolutionGuid = {31931332-7755-4236-813D-B30AC40E26AF}
	EndGlobalSection
EndGlobal
